
Microsoft Visual Studio Solution File, Format Version 12.00
# Visual Studio 15
VisualStudioVersion = 15.0.28307.329
MinimumVisualStudioVersion = 10.0.40219.1
Project("{FAE04EC0-301F-11D3-BF4B-00C04F79EFBC}") = "TemplateMethodDemo", "TemplateMethodDemo\TemplateMethodDemo.csproj", "{08BE9EF5-9A3D-4A59-9ABB-BDE21EB2D94D}"
EndProject
Global
	GlobalSection(SolutionConfigurationPlatforms) = preSolution
		Debug|Any CPU = Debug|Any CPU
		Release|Any CPU = Release|Any CPU
	EndGlobalSection
	GlobalSection(ProjectConfigurationPlatforms) = postSolution
		{08BE9EF5-9A3D-4A59-9ABB-BDE21EB2D94D}.Debug|Any CPU.ActiveCfg = Debug|Any CPU
		{08BE9EF5-9A3D-4A59-9ABB-BDE21EB2D94D}.Debug|Any CPU.Build.0 = Debug|Any CPU
		{08BE9EF5-9A3D-4A59-9ABB-BDE21EB2D94D}.Release|Any CPU.ActiveCfg = Release|Any CPU
		{08BE9EF5-9A3D-4A59-9ABB-BDE21EB2D94D}.Release|Any CPU.Build.0 = Release|Any CPU
	EndGlobalSection
	GlobalSection(SolutionProperties) = preSolution
		HideSolutionNode = FALSE
	EndGlobalSection
	GlobalSection(ExtensibilityGlobals) = postSolution
		SolutionGuid = {520273DF-2E17-4C23-AF1A-029F12219805}
	EndGlobalSection
EndGlobal
